{
  "lockfile_version": "1",
  "packages": {
    "act@latest": {
      "last_modified": "2026-01-23T17:20:52Z",
      "resolved": "github:NixOS/nixpkgs/a1bab9e494f5f4939442a57a58d0449a109593fe#act",
      "source": "devbox-search",
      "version": "0.2.84",
      "systems": {
        "aarch64-darwin": {
          "outputs": [
            {
              "name": "out",
              "path": "/nix/store/60fx8ffpxxfl7chps435jz0yy40bgz7z-act-0.2.84",
              "default": true
            }
          ],
          "store_path": "/nix/store/60fx8ffpxxfl7chps435jz0yy40bgz7z-act-0.2.84"
        },
        "aarch64-linux": {
          "outputs": [
            {
              "name": "out",
              "path": "/nix/store/jrbdrlv46d8jglg30v078ncxmmc7rfrj-act-0.2.84",
              "default": true
            }
          ],
          "store_path": "/nix/store/jrbdrlv46d8jglg30v078ncxmmc7rfrj-act-0.2.84"
        },
        "x86_64-darwin": {
          "outputs": [
            {
              "name": "out",
              "path": "/nix/store/j49qnbhrsi7qhw4jn9852f818nxmmj9r-act-0.2.84",
              "default": true
            }
          ],
          "store_path": "/nix/store/j49qnbhrsi7qhw4jn9852f818nxmmj9r-act-0.2.84"
        },
        "x86_64-linux": {
          "outputs": [
            {
              "name": "out",
              "path": "/nix/store/29dp2s13wyawgm1m5kvsl8n4mh107h8r-act-0.2.84",
              "default": true
            }
          ],
          "store_path": "/nix/store/29dp2s13wyawgm1m5kvsl8n4mh107h8r-act-0.2.84"
        }
      }
    },
    "github:NixOS/nixpkgs/nixpkgs-unstable": {
      "last_modified": "2026-02-02T06:50:11Z",
      "resolved": "github:NixOS/nixpkgs/f08e6b11a5ed43637a8ac444dd44118bc7d273b9?lastModified=1770015011"
    },
    "process-compose@latest": {
      "last_modified": "2026-01-23T17:20:52Z",
      "resolved": "github:NixOS/nixpkgs/a1bab9e494f5f4939442a57a58d0449a109593fe#process-compose",
      "source": "devbox-search",
      "version": "1.87.0",
      "systems": {
        "aarch64-darwin": {
          "outputs": [
            {
              "name": "out",
              "path": "/nix/store/vp8dbw54aif4cbx8h11q99nr8kbyd8y6-process-compose-1.87.0",
              "default": true
            }
          ],
          "store_path": "/nix/store/vp8dbw54aif4cbx8h11q99nr8kbyd8y6-process-compose-1.87.0"
        },
        "aarch64-linux": {
          "outputs": [
            {
              "name": "out",
              "path": "/nix/store/4bry8d3a5s6dypb41g2b48vizimzbhbc-process-compose-1.87.0",
              "default": true
            }
          ],
          "store_path": "/nix/store/4bry8d3a5s6dypb41g2b48vizimzbhbc-process-compose-1.87.0"
        },
        "x86_64-darwin": {
          "outputs": [
            {
              "name": "out",
              "path": "/nix/store/yr15a9rgjmwma28n3hjpilw77hhb3aqk-process-compose-1.87.0",
              "default": true
            }
          ],
          "store_path": "/nix/store/yr15a9rgjmwma28n3hjpilw77hhb3aqk-process-compose-1.87.0"
        },
        "x86_64-linux": {
          "outputs": [
            {
              "name": "out",
              "path": "/nix/store/xgixy092whsar7fwm9lmcn4mv9kqn983-process-compose-1.87.0",
              "default": true
            }
          ],
          "store_path": "/nix/store/xgixy092whsar7fwm9lmcn4mv9kqn983-process-compose-1.87.0"
        }
      }
    }
  }
}
